
Microsoft Visual Studio Solution File, Format Version 12.00
# Visual Studio Version 17
VisualStudioVersion = 17.2.32616.157
MinimumVisualStudioVersion = 10.0.40219.1
Project("{FAE04EC0-301F-11D3-BF4B-00C04F79EFBC}") = "aquaparko", "aquaparko\aquaparko.csproj", "{7240C13B-BD40-40AB-8EB2-463F4E923228}"
EndProject
Global
	GlobalSection(SolutionConfigurationPlatforms) = preSolution
		Debug|Any CPU = Debug|Any CPU
		Release|Any CPU = Release|Any CPU
	EndGlobalSection
	GlobalSection(ProjectConfigurationPlatforms) = postSolution
		{7240C13B-BD40-40AB-8EB2-463F4E923228}.Debug|Any CPU.ActiveCfg = Debug|Any CPU
		{7240C13B-BD40-40AB-8EB2-463F4E923228}.Debug|Any CPU.Build.0 = Debug|Any CPU
		{7240C13B-BD40-40AB-8EB2-463F4E923228}.Release|Any CPU.ActiveCfg = Release|Any CPU
		{7240C13B-BD40-40AB-8EB2-463F4E923228}.Release|Any CPU.Build.0 = Release|Any CPU
	EndGlobalSection
	GlobalSection(SolutionProperties) = preSolution
		HideSolutionNode = FALSE
	EndGlobalSection
	GlobalSection(ExtensibilityGlobals) = postSolution
		SolutionGuid = {BBF8E4E7-93A5-4F95-AA7B-5E2FC7C587D6}
	EndGlobalSection
EndGlobal
